<?xml version="1.0" encoding="utf-8"?>
<Project ToolsVersion="4.0" xmlns="http://schemas.microsoft.com/developer/msbuild/2003">
  <ItemGroup>
    <Filter Include="源文件">
      <UniqueIdentifier>{4FC737F1-C7A5-4376-A066-2A32D752A2FF}</UniqueIdentifier>
      <Extensions>cpp;c;cc;cxx;def;odl;idl;hpj;bat;asm;asmx</Extensions>
    </Filter>
    <Filter Include="头文件">
      <UniqueIdentifier>{93995380-89BD-4b04-88EB-625FBE52EBFB}</UniqueIdentifier>
      <Extensions>h;hpp;hxx;hm;inl;inc;xsd</Extensions>
    </Filter>
    <Filter Include="资源文件">
      <UniqueIdentifier>{67DA6AB6-F800-4c08-8B7A-83BB121AAD01}</UniqueIdentifier>
      <Extensions>rc;ico;cur;bmp;dlg;rc2;rct;bin;rgs;gif;jpg;jpeg;jpe;resx;tiff;tif;png;wav;mfcribbon-ms</Extensions>
    </Filter>
    <Filter Include="头文件\ExcelLib">
      <UniqueIdentifier>{e9fa310e-3f22-41a9-8299-1802e5b5d942}</UniqueIdentifier>
    </Filter>
    <Filter Include="源文件\ExcelLib">
      <UniqueIdentifier>{01743a1c-54df-448a-90ae-8c0a9c190c03}</UniqueIdentifier>
    </Filter>
    <Filter Include="头文件\WordLib">
      <UniqueIdentifier>{718d8860-74b7-4df5-8ecf-ae58eb2be610}</UniqueIdentifier>
    </Filter>
    <Filter Include="源文件\WordLib">
      <UniqueIdentifier>{63d53869-3ec4-4a87-abf4-1ae42b56cca5}</UniqueIdentifier>
    </Filter>
  </ItemGroup>
  <ItemGroup>
    <None Include="ReadMe.txt" />
    <None Include="res\ExcelParse.rc2">
      <Filter>资源文件</Filter>
    </None>
    <None Include="res\ExcelParse.ico">
      <Filter>资源文件</Filter>
    </None>
    <None Include="res\icon1.ico">
      <Filter>资源文件</Filter>
    </None>
    <None Include="res\fly.bmp">
      <Filter>资源文件</Filter>
    </None>
  </ItemGroup>
  <ItemGroup>
    <ClInclude Include="ExcelParse.h">
      <Filter>头文件</Filter>
    </ClInclude>
    <ClInclude Include="ExcelParseDlg.h">
      <Filter>头文件</Filter>
    </ClInclude>
    <ClInclude Include="stdafx.h">
      <Filter>头文件</Filter>
    </ClInclude>
    <ClInclude Include="targetver.h">
      <Filter>头文件</Filter>
    </ClInclude>
    <ClInclude Include="Resource.h">
      <Filter>头文件</Filter>
    </ClInclude>
    <ClInclude Include="ExcelHandler.h">
      <Filter>头文件</Filter>
    </ClInclude>
    <ClInclude Include="FormatTransfer.h">
      <Filter>头文件</Filter>
    </ClInclude>
    <ClInclude Include="ExcelLib\CApplication.h">
      <Filter>头文件\ExcelLib</Filter>
    </ClInclude>
    <ClInclude Include="ExcelLib\CRange.h">
      <Filter>头文件\ExcelLib</Filter>
    </ClInclude>
    <ClInclude Include="ExcelLib\CWorkbook.h">
      <Filter>头文件\ExcelLib</Filter>
    </ClInclude>
    <ClInclude Include="ExcelLib\CWorkbooks.h">
      <Filter>头文件\ExcelLib</Filter>
    </ClInclude>
    <ClInclude Include="ExcelLib\CWorksheet.h">
      <Filter>头文件\ExcelLib</Filter>
    </ClInclude>
    <ClInclude Include="ExcelLib\CWorksheets.h">
      <Filter>头文件\ExcelLib</Filter>
    </ClInclude>
    <ClInclude Include="ExcelLib\OperateExcelFile.h">
      <Filter>头文件\ExcelLib</Filter>
    </ClInclude>
    <ClInclude Include="WordLib\OperateWordFile.h">
      <Filter>头文件\WordLib</Filter>
    </ClInclude>
    <ClInclude Include="WordLib\CApplication0.h">
      <Filter>头文件\WordLib</Filter>
    </ClInclude>
    <ClInclude Include="WordLib\CBookmark0.h">
      <Filter>头文件\WordLib</Filter>
    </ClInclude>
    <ClInclude Include="WordLib\CBookmarks.h">
      <Filter>头文件\WordLib</Filter>
    </ClInclude>
    <ClInclude Include="WordLib\CCell.h">
      <Filter>头文件\WordLib</Filter>
    </ClInclude>
    <ClInclude Include="WordLib\CCells.h">
      <Filter>头文件\WordLib</Filter>
    </ClInclude>
    <ClInclude Include="WordLib\CColumn.h">
      <Filter>头文件\WordLib</Filter>
    </ClInclude>
    <ClInclude Include="WordLib\CColumns0.h">
      <Filter>头文件\WordLib</Filter>
    </ClInclude>
    <ClInclude Include="WordLib\CDocument0.h">
      <Filter>头文件\WordLib</Filter>
    </ClInclude>
    <ClInclude Include="WordLib\CDocuments.h">
      <Filter>头文件\WordLib</Filter>
    </ClInclude>
    <ClInclude Include="WordLib\CRange0.h">
      <Filter>头文件\WordLib</Filter>
    </ClInclude>
    <ClInclude Include="WordLib\CRow.h">
      <Filter>头文件\WordLib</Filter>
    </ClInclude>
    <ClInclude Include="WordLib\CRows.h">
      <Filter>头文件\WordLib</Filter>
    </ClInclude>
    <ClInclude Include="WordLib\CSelection.h">
      <Filter>头文件\WordLib</Filter>
    </ClInclude>
    <ClInclude Include="WordLib\CTable0.h">
      <Filter>头文件\WordLib</Filter>
    </ClInclude>
    <ClInclude Include="WordLib\CTables0.h">
      <Filter>头文件\WordLib</Filter>
    </ClInclude>
    <ClInclude Include="ReadConfig.h">
      <Filter>头文件</Filter>
    </ClInclude>
  </ItemGroup>
  <ItemGroup>
    <ClCompile Include="ExcelParse.cpp">
      <Filter>源文件</Filter>
    </ClCompile>
    <ClCompile Include="ExcelParseDlg.cpp">
      <Filter>源文件</Filter>
    </ClCompile>
    <ClCompile Include="stdafx.cpp">
      <Filter>源文件</Filter>
    </ClCompile>
    <ClCompile Include="ExcelHandler.cpp">
      <Filter>源文件</Filter>
    </ClCompile>
    <ClCompile Include="FormatTransfer.cpp">
      <Filter>源文件</Filter>
    </ClCompile>
    <ClCompile Include="WordLib\OperateWordFile.cpp">
      <Filter>源文件\WordLib</Filter>
    </ClCompile>
    <ClCompile Include="ReadConfig.cpp">
      <Filter>源文件</Filter>
    </ClCompile>
    <ClCompile Include="ExcelLib\OperateExcelFile.cpp">
      <Filter>源文件\ExcelLib</Filter>
    </ClCompile>
  </ItemGroup>
  <ItemGroup>
    <ResourceCompile Include="ExcelParse.rc">
      <Filter>资源文件</Filter>
    </ResourceCompile>
  </ItemGroup>
</Project>